
Microsoft Visual Studio Solution File, Format Version 12.00
# Visual Studio 14
VisualStudioVersion = 14.0.25420.1
MinimumVisualStudioVersion = 10.0.40219.1
Project("{FAE04EC0-301F-11D3-BF4B-00C04F79EFBC}") = "SampleWebApplication", "SampleWebApplication\SampleWebApplication.csproj", "{3B7E450C-0494-48C5-B84D-4DADD30288B2}"
	ProjectSection(ProjectDependencies) = postProject
		{96AC4450-6987-45E6-B17D-85C0E1BD92A4} = {96AC4450-6987-45E6-B17D-85C0E1BD92A4}
		{B578A655-0BAD-4BDA-A0A4-A33D96E83E1D} = {B578A655-0BAD-4BDA-A0A4-A33D96E83E1D}
		{7CAEB478-85B0-4E1E-962C-50455AEAF54C} = {7CAEB478-85B0-4E1E-962C-50455AEAF54C}
	EndProjectSection
EndProject
Project("{FAE04EC0-301F-11D3-BF4B-00C04F79EFBC}") = "SampleWebApplication.Models", "SampleWebApplication.Models\SampleWebApplication.Models.csproj", "{B578A655-0BAD-4BDA-A0A4-A33D96E83E1D}"
EndProject
Project("{FAE04EC0-301F-11D3-BF4B-00C04F79EFBC}") = "SampleWebApplication.BL", "SampleWebApplication.BL\SampleWebApplication.BL.csproj", "{7CAEB478-85B0-4E1E-962C-50455AEAF54C}"
EndProject
Project("{FAE04EC0-301F-11D3-BF4B-00C04F79EFBC}") = "SampleWebApplication.DataAccess", "SampleWebApplication.DataAccess\SampleWebApplication.DataAccess.csproj", "{96AC4450-6987-45E6-B17D-85C0E1BD92A4}"
EndProject
Global
	GlobalSection(SolutionConfigurationPlatforms) = preSolution
		Debug|Any CPU = Debug|Any CPU
		Release|Any CPU = Release|Any CPU
	EndGlobalSection
	GlobalSection(ProjectConfigurationPlatforms) = postSolution
		{3B7E450C-0494-48C5-B84D-4DADD30288B2}.Debug|Any CPU.ActiveCfg = Debug|Any CPU
		{3B7E450C-0494-48C5-B84D-4DADD30288B2}.Debug|Any CPU.Build.0 = Debug|Any CPU
		{3B7E450C-0494-48C5-B84D-4DADD30288B2}.Release|Any CPU.ActiveCfg = Release|Any CPU
		{3B7E450C-0494-48C5-B84D-4DADD30288B2}.Release|Any CPU.Build.0 = Release|Any CPU
		{B578A655-0BAD-4BDA-A0A4-A33D96E83E1D}.Debug|Any CPU.ActiveCfg = Debug|Any CPU
		{B578A655-0BAD-4BDA-A0A4-A33D96E83E1D}.Debug|Any CPU.Build.0 = Debug|Any CPU
		{B578A655-0BAD-4BDA-A0A4-A33D96E83E1D}.Release|Any CPU.ActiveCfg = Release|Any CPU
		{B578A655-0BAD-4BDA-A0A4-A33D96E83E1D}.Release|Any CPU.Build.0 = Release|Any CPU
		{7CAEB478-85B0-4E1E-962C-50455AEAF54C}.Debug|Any CPU.ActiveCfg = Debug|Any CPU
		{7CAEB478-85B0-4E1E-962C-50455AEAF54C}.Debug|Any CPU.Build.0 = Debug|Any CPU
		{7CAEB478-85B0-4E1E-962C-50455AEAF54C}.Release|Any CPU.ActiveCfg = Release|Any CPU
		{7CAEB478-85B0-4E1E-962C-50455AEAF54C}.Release|Any CPU.Build.0 = Release|Any CPU
		{96AC4450-6987-45E6-B17D-85C0E1BD92A4}.Debug|Any CPU.ActiveCfg = Debug|Any CPU
		{96AC4450-6987-45E6-B17D-85C0E1BD92A4}.Debug|Any CPU.Build.0 = Debug|Any CPU
		{96AC4450-6987-45E6-B17D-85C0E1BD92A4}.Release|Any CPU.ActiveCfg = Release|Any CPU
		{96AC4450-6987-45E6-B17D-85C0E1BD92A4}.Release|Any CPU.Build.0 = Release|Any CPU
	EndGlobalSection
	GlobalSection(SolutionProperties) = preSolution
		HideSolutionNode = FALSE
	EndGlobalSection
EndGlobal
